{
  "requires": true,
  "lockfileVersion": 1,
  "dependencies": {
    "@emmetio/extract-abbreviation": {
      "version": "0.1.6",
      "resolved": "https://registry.npmjs.org/@emmetio/extract-abbreviation/-/extract-abbreviation-0.1.6.tgz",
      "integrity": "sha512-Ce3xE2JvTSEbASFbRbA1gAIcMcZWdS2yUYRaQbeM0nbOzaZrUYfa3ePtcriYRZOZmr+CkKA+zbjhvTpIOAYVcw=="
    },
    "agent-base": {
      "version": "4.3.0",
      "resolved": "https://registry.npmjs.org/agent-base/-/agent-base-4.3.0.tgz",
      "integrity": "sha512-salcGninV0nPrwpGNn4VTXBb1SOuXQBiqbrNXoeizJsHrsL6ERFM2Ne3JUSBWRE6aeNJI2ROP/WEEIDUiDe3cg==",
      "requires": {
        "es6-promisify": "^5.0.0"
      }
    },
    "argparse": {
      "version": "2.0.1",
      "resolved": "https://registry.npmjs.org/argparse/-/argparse-2.0.1.tgz",
      "integrity": "sha512-8+9WqebbFzpX9OR+Wa6O29asIogeRMzcGtAINdpMHHyAg10f05aSFVBbcEqGf/PXw1EjAZ+q2/bEBg3DvurK3Q=="
    },
    "balanced-match": {
      "version": "1.0.2",
      "resolved": "https://registry.npmjs.org/balanced-match/-/balanced-match-1.0.2.tgz",
      "integrity": "sha512-3oSeUO0TMV67hN1AmbXsK4yaqU7tjiHlbxRDZOpH0KW9+CeX4bRAaX0Anxt0tx2MrpRpWwQaPwIlISEJhYU5Pw=="
    },
    "brace-expansion": {
      "version": "1.1.11",
      "resolved": "https://registry.npmjs.org/brace-expansion/-/brace-expansion-1.1.11.tgz",
      "integrity": "sha512-iCuPHDFgrHX7H2vEI/5xpz07zSHB00TpugqhmYtVmMO6518mCuRMoOYFldEBl0g187ufozdaHgWKcYFb61qGiA==",
      "requires": {
        "balanced-match": "^1.0.0",
        "concat-map": "0.0.1"
      }
    },
    "coc-css": {
      "version": "1.2.6",
      "resolved": "https://registry.npmjs.org/coc-css/-/coc-css-1.2.6.tgz",
      "integrity": "sha512-eVzucf/n0T9Sap+9HbKeW6XhMle1Q/2aURaE9BVTNHFW9eqFlKq72l/38NzrUYbdCpQh8foDsoKAqbFsAnBFYw=="
    },
    "coc-emmet": {
      "version": "1.1.6",
      "resolved": "https://registry.npmjs.org/coc-emmet/-/coc-emmet-1.1.6.tgz",
      "integrity": "sha512-lvHA9iSgU/46Iw7E14tSP+Hh1e6STYUegqTBGDPQ/9L9JOicE2USqwuo2y5cbslc2RQqv3EdUIr9nQf0T725mQ==",
      "requires": {
        "vscode-emmet-helper": "^1.2.15"
      }
    },
    "coc-go": {
      "version": "0.13.3",
      "resolved": "https://registry.npmjs.org/coc-go/-/coc-go-0.13.3.tgz",
      "integrity": "sha512-JxAJD3z10ziO8CxgTUlguZp8uy1r6fo0pP+L4GeXKv+q12BHIxWXoAZdd158vAP/YCh0Yw4zBrij57Fg4wtVdg==",
      "requires": {
        "node-fetch": "^2.6.1",
        "tslib": "^2.0.0",
        "vscode-languageserver-textdocument": "^1.0.1",
        "vscode-uri": "^3.0.1",
        "which": "^2.0.2"
      }
    },
    "coc-html": {
      "version": "1.4.1",
      "resolved": "https://registry.npmjs.org/coc-html/-/coc-html-1.4.1.tgz",
      "integrity": "sha512-7SHQYzpRKPrpaLcTm1UUk1zu9VvFEJKFqxwDIuqv/CL0cBTtEvlsfpVh9DOaMHlZPu8U8Lgyf04bHV/sFS1zJw==",
      "requires": {
        "typescript": "^4"
      }
    },
    "coc-json": {
      "version": "1.3.6",
      "resolved": "https://registry.npmjs.org/coc-json/-/coc-json-1.3.6.tgz",
      "integrity": "sha512-iUKVNmYMZEBpniRRy7iXzcYqDCfamRMU4OOb1b9M9Zi68xbwsu1JVl0ARw5FVCv40ELszK+w/6jKlpS97kTU8w==",
      "requires": {
        "vscode-json-languageserver": "^1.3.4"
      }
    },
    "coc-python": {
      "version": "1.2.13",
      "resolved": "https://registry.npmjs.org/coc-python/-/coc-python-1.2.13.tgz",
      "integrity": "sha512-thsXkbwwJMpiGa/1GiPvFnbWtC5K8QcZvcUtoc4lU8Hf38LbywK5qRp6M7tOAabJOq5dYcIYYbPZWzGwhoZEiw=="
    },
    "coc-tag": {
      "version": "1.2.5",
      "resolved": "https://registry.npmjs.org/coc-tag/-/coc-tag-1.2.5.tgz",
      "integrity": "sha512-1YNb1C1h3iI5trkBn3L6fzm0yDmlt9BTOySHl651wgEyyCueZqZysIa+DHLUklZ2xgDy5szpWwUc598zKT/zlw=="
    },
    "coc-tsserver": {
      "version": "1.8.2",
      "resolved": "https://registry.npmjs.org/coc-tsserver/-/coc-tsserver-1.8.2.tgz",
      "integrity": "sha512-bQ5bKzQ96W4ZMYZ2hkumWJsHOHtgNa/i3jS9DHqTeLLgesDg7KdHBxKDUbdVHq7BEG6TSPZF2m1BRpjxQPuS3A==",
      "requires": {
        "typescript": "^4.3.5"
      }
    },
    "coc-vimlsp": {
      "version": "0.12.2",
      "resolved": "https://registry.npmjs.org/coc-vimlsp/-/coc-vimlsp-0.12.2.tgz",
      "integrity": "sha512-vfWz0wpyuyj1U/8v6kXaBnJrhlTK40FWezeKKW/UNLLi9v3rWiV4QoV3uTmJqIMbvW97mhIzD5EynXgqPlD8Bg=="
    },
    "coc-yaml": {
      "version": "1.4.2",
      "resolved": "https://registry.npmjs.org/coc-yaml/-/coc-yaml-1.4.2.tgz",
      "integrity": "sha512-cfocwN+TczdspN03m7t+eJMyaAsKCSzfgJJDM2CWPvrreKIMMahWqce/krTtENqDHDu51miuWo+o6/6FEKSf4g==",
      "requires": {
        "prettier": "2.0.5",
        "vscode-json-languageservice": "4.1.0",
        "yaml-language-server": "0.20.0"
      },
      "dependencies": {
        "jsonc-parser": {
          "version": "3.0.0",
          "resolved": "https://registry.npmjs.org/jsonc-parser/-/jsonc-parser-3.0.0.tgz",
          "integrity": "sha512-fQzRfAbIBnR0IQvftw9FJveWiHp72Fg20giDrHz6TdfB12UH/uue0D3hm57UB5KgAVuniLMCaS8P1IMj9NR7cA=="
        },
        "vscode-json-languageservice": {
          "version": "4.1.0",
          "resolved": "https://registry.npmjs.org/vscode-json-languageservice/-/vscode-json-languageservice-4.1.0.tgz",
          "integrity": "sha512-QW2SFk4kln5lTPQajGNuXWtmr2z9hVA6Sfi4qPFEW2vjt2XaUAp38/1OrcUQYiJXOyXntbWN2jZJaGxg+hDUxw==",
          "requires": {
            "jsonc-parser": "^3.0.0",
            "minimatch": "^3.0.4",
            "vscode-languageserver-textdocument": "^1.0.1",
            "vscode-languageserver-types": "^3.16.0",
            "vscode-nls": "^5.0.0",
            "vscode-uri": "^3.0.2"
          }
        },
        "vscode-nls": {
          "version": "5.0.0",
          "resolved": "https://registry.npmjs.org/vscode-nls/-/vscode-nls-5.0.0.tgz",
          "integrity": "sha512-u0Lw+IYlgbEJFF6/qAqG2d1jQmJl0eyAGJHoAJqr2HT4M2BNuQYSEiSE75f52pXHSJm8AlTjnLLbBFPrdz2hpA=="
        }
      }
    },
    "concat-map": {
      "version": "0.0.1",
      "resolved": "https://registry.npmjs.org/concat-map/-/concat-map-0.0.1.tgz",
      "integrity": "sha1-2Klr13/Wjfd5OnMDajug1UBdR3s="
    },
    "debug": {
      "version": "3.1.0",
      "resolved": "https://registry.npmjs.org/debug/-/debug-3.1.0.tgz",
      "integrity": "sha512-OX8XqP7/1a9cqkxYw2yXss15f26NKWBpDXQd0/uK/KPqdQhxbPa994hnzjcE2VqQpDslf55723cKPUOGSmMY3g==",
      "requires": {
        "ms": "2.0.0"
      }
    },
    "es6-promise": {
      "version": "4.2.8",
      "resolved": "https://registry.npmjs.org/es6-promise/-/es6-promise-4.2.8.tgz",
      "integrity": "sha512-HJDGx5daxeIvxdBxvG2cb9g4tEvwIk3i8+nhX0yGrYmZUzbkdg8QbDevheDB8gd0//uPj4c1EQua8Q+MViT0/w=="
    },
    "es6-promisify": {
      "version": "5.0.0",
      "resolved": "https://registry.npmjs.org/es6-promisify/-/es6-promisify-5.0.0.tgz",
      "integrity": "sha1-UQnWLz5W6pZ8S2NQWu8IKRyKUgM=",
      "requires": {
        "es6-promise": "^4.0.3"
      }
    },
    "http-proxy-agent": {
      "version": "2.1.0",
      "resolved": "https://registry.npmjs.org/http-proxy-agent/-/http-proxy-agent-2.1.0.tgz",
      "integrity": "sha512-qwHbBLV7WviBl0rQsOzH6o5lwyOIvwp/BdFnvVxXORldu5TmjFfjzBcWUWS5kWAZhmv+JtiDhSuQCp4sBfbIgg==",
      "requires": {
        "agent-base": "4",
        "debug": "3.1.0"
      }
    },
    "https-proxy-agent": {
      "version": "2.2.4",
      "resolved": "https://registry.npmjs.org/https-proxy-agent/-/https-proxy-agent-2.2.4.tgz",
      "integrity": "sha512-OmvfoQ53WLjtA9HeYP9RNrWMJzzAz1JGaSFr1nijg0PVR1JaD/xbJq1mdEIIlxGpXp9eSe/O2LgU9DJmTPd0Eg==",
      "requires": {
        "agent-base": "^4.3.0",
        "debug": "^3.1.0"
      }
    },
    "isexe": {
      "version": "2.0.0",
      "resolved": "https://registry.npmjs.org/isexe/-/isexe-2.0.0.tgz",
      "integrity": "sha1-6PvzdNxVb/iUehDcsFctYz8s+hA="
    },
    "js-yaml": {
      "version": "4.1.0",
      "resolved": "https://registry.npmjs.org/js-yaml/-/js-yaml-4.1.0.tgz",
      "integrity": "sha512-wpxZs9NoxZaJESJGIZTyDEaYpl0FKSA+FB9aJiyemKhMwkxQg63h4T1KJgUGHpTqPDNRcmmYLugrRjJlBtWvRA==",
      "requires": {
        "argparse": "^2.0.1"
      }
    },
    "jsonc-parser": {
      "version": "1.0.3",
      "resolved": "https://registry.npmjs.org/jsonc-parser/-/jsonc-parser-1.0.3.tgz",
      "integrity": "sha512-hk/69oAeaIzchq/v3lS50PXuzn5O2ynldopMC+SWBql7J2WtdptfB9dy8Y7+Og5rPkTCpn83zTiO8FMcqlXJ/g=="
    },
    "minimatch": {
      "version": "3.0.4",
      "resolved": "https://registry.npmjs.org/minimatch/-/minimatch-3.0.4.tgz",
      "integrity": "sha512-yJHVQEhyqPLUTgt9B83PXu6W3rx4MvvHvSUvToogpwoGDOUQ+yDrR0HRot+yOCdCO7u4hX3pWft6kWBBcqh0UA==",
      "requires": {
        "brace-expansion": "^1.1.7"
      }
    },
    "ms": {
      "version": "2.0.0",
      "resolved": "https://registry.npmjs.org/ms/-/ms-2.0.0.tgz",
      "integrity": "sha1-VgiurfwAvmwpAd9fmGF4jeDVl8g="
    },
    "node-fetch": {
      "version": "2.6.1",
      "resolved": "https://registry.npmjs.org/node-fetch/-/node-fetch-2.6.1.tgz",
      "integrity": "sha512-V4aYg89jEoVRxRb2fJdAg8FHvI7cEyYdVAh94HH0UIK8oJxUfkjlDQN9RbMx+bEjP7+ggMiFRprSti032Oipxw=="
    },
    "prettier": {
      "version": "2.0.5",
      "resolved": "https://registry.npmjs.org/prettier/-/prettier-2.0.5.tgz",
      "integrity": "sha512-7PtVymN48hGcO4fGjybyBSIWDsLU4H4XlvOHfq91pz9kkGlonzwTfYkaIEwiRg/dAJF9YlbsduBAgtYLi+8cFg=="
    },
    "request-light": {
      "version": "0.4.0",
      "resolved": "https://registry.npmjs.org/request-light/-/request-light-0.4.0.tgz",
      "integrity": "sha512-fimzjIVw506FBZLspTAXHdpvgvQebyjpNyLRd0e6drPPRq7gcrROeGWRyF81wLqFg5ijPgnOQbmfck5wdTqpSA==",
      "requires": {
        "http-proxy-agent": "^2.1.0",
        "https-proxy-agent": "^2.2.4",
        "vscode-nls": "^4.1.2"
      }
    },
    "tslib": {
      "version": "2.3.0",
      "resolved": "https://registry.npmjs.org/tslib/-/tslib-2.3.0.tgz",
      "integrity": "sha512-N82ooyxVNm6h1riLCoyS9e3fuJ3AMG2zIZs2Gd1ATcSFjSA23Q0fzjjZeh0jbJvWVDZ0cJT8yaNNaaXHzueNjg=="
    },
    "typescript": {
      "version": "4.3.5",
      "resolved": "https://registry.npmjs.org/typescript/-/typescript-4.3.5.tgz",
      "integrity": "sha512-DqQgihaQ9cUrskJo9kIyW/+g0Vxsk8cDtZ52a3NGh0YNTfpUSArXSohyUGnvbPazEPLu398C0UxmKSOrPumUzA=="
    },
    "vscode-emmet-helper": {
      "version": "1.2.17",
      "resolved": "https://registry.npmjs.org/vscode-emmet-helper/-/vscode-emmet-helper-1.2.17.tgz",
      "integrity": "sha512-X4pzcrJ8dE7M3ArFuySF5fgipKDd/EauXkiJwtjBIVRWpVNq0tF9+lNCyuC7iDUwP3Oq7ow/TGssD3GdG96Jow==",
      "requires": {
        "@emmetio/extract-abbreviation": "0.1.6",
        "jsonc-parser": "^1.0.0",
        "vscode-languageserver-types": "^3.6.0-next.1"
      }
    },
    "vscode-json-languageserver": {
      "version": "1.3.4",
      "resolved": "https://registry.npmjs.org/vscode-json-languageserver/-/vscode-json-languageserver-1.3.4.tgz",
      "integrity": "sha512-+ghebnslXk6fVDySBrT0BVqozLDdmKY/qxgkDD4JtOQcU2vXc3e7jh7YyMxvuvE93E9OLvBqUrvajttj8xf3BA==",
      "requires": {
        "jsonc-parser": "^3.0.0",
        "request-light": "^0.4.0",
        "vscode-json-languageservice": "^4.0.2",
        "vscode-languageserver": "^7.0.0",
        "vscode-uri": "^3.0.2"
      },
      "dependencies": {
        "jsonc-parser": {
          "version": "3.0.0",
          "resolved": "https://registry.npmjs.org/jsonc-parser/-/jsonc-parser-3.0.0.tgz",
          "integrity": "sha512-fQzRfAbIBnR0IQvftw9FJveWiHp72Fg20giDrHz6TdfB12UH/uue0D3hm57UB5KgAVuniLMCaS8P1IMj9NR7cA=="
        }
      }
    },
    "vscode-json-languageservice": {
      "version": "4.1.6",
      "resolved": "https://registry.npmjs.org/vscode-json-languageservice/-/vscode-json-languageservice-4.1.6.tgz",
      "integrity": "sha512-DIKb3tcfRtb3tIE6g9SLOl5E9tNSt6kljH08Wa5RwFlVshtXGrDDzttchze4CYy9pJpE9mBtCbRHmLvY1Z1ZXA==",
      "requires": {
        "jsonc-parser": "^3.0.0",
        "vscode-languageserver-textdocument": "^1.0.1",
        "vscode-languageserver-types": "^3.16.0",
        "vscode-nls": "^5.0.0",
        "vscode-uri": "^3.0.2"
      },
      "dependencies": {
        "jsonc-parser": {
          "version": "3.0.0",
          "resolved": "https://registry.npmjs.org/jsonc-parser/-/jsonc-parser-3.0.0.tgz",
          "integrity": "sha512-fQzRfAbIBnR0IQvftw9FJveWiHp72Fg20giDrHz6TdfB12UH/uue0D3hm57UB5KgAVuniLMCaS8P1IMj9NR7cA=="
        },
        "vscode-nls": {
          "version": "5.0.0",
          "resolved": "https://registry.npmjs.org/vscode-nls/-/vscode-nls-5.0.0.tgz",
          "integrity": "sha512-u0Lw+IYlgbEJFF6/qAqG2d1jQmJl0eyAGJHoAJqr2HT4M2BNuQYSEiSE75f52pXHSJm8AlTjnLLbBFPrdz2hpA=="
        }
      }
    },
    "vscode-jsonrpc": {
      "version": "6.0.0",
      "resolved": "https://registry.npmjs.org/vscode-jsonrpc/-/vscode-jsonrpc-6.0.0.tgz",
      "integrity": "sha512-wnJA4BnEjOSyFMvjZdpiOwhSq9uDoK8e/kpRJDTaMYzwlkrhG1fwDIZI94CLsLzlCK5cIbMMtFlJlfR57Lavmg=="
    },
    "vscode-languageserver": {
      "version": "7.0.0",
      "resolved": "https://registry.npmjs.org/vscode-languageserver/-/vscode-languageserver-7.0.0.tgz",
      "integrity": "sha512-60HTx5ID+fLRcgdHfmz0LDZAXYEV68fzwG0JWwEPBode9NuMYTIxuYXPg4ngO8i8+Ou0lM7y6GzaYWbiDL0drw==",
      "requires": {
        "vscode-languageserver-protocol": "3.16.0"
      }
    },
    "vscode-languageserver-protocol": {
      "version": "3.16.0",
      "resolved": "https://registry.npmjs.org/vscode-languageserver-protocol/-/vscode-languageserver-protocol-3.16.0.tgz",
      "integrity": "sha512-sdeUoAawceQdgIfTI+sdcwkiK2KU+2cbEYA0agzM2uqaUy2UpnnGHtWTHVEtS0ES4zHU0eMFRGN+oQgDxlD66A==",
      "requires": {
        "vscode-jsonrpc": "6.0.0",
        "vscode-languageserver-types": "3.16.0"
      }
    },
    "vscode-languageserver-textdocument": {
      "version": "1.0.1",
      "resolved": "https://registry.npmjs.org/vscode-languageserver-textdocument/-/vscode-languageserver-textdocument-1.0.1.tgz",
      "integrity": "sha512-UIcJDjX7IFkck7cSkNNyzIz5FyvpQfY7sdzVy+wkKN/BLaD4DQ0ppXQrKePomCxTS7RrolK1I0pey0bG9eh8dA=="
    },
    "vscode-languageserver-types": {
      "version": "3.16.0",
      "resolved": "https://registry.npmjs.org/vscode-languageserver-types/-/vscode-languageserver-types-3.16.0.tgz",
      "integrity": "sha512-k8luDIWJWyenLc5ToFQQMaSrqCHiLwyKPHKPQZ5zz21vM+vIVUSvsRpcbiECH4WR88K2XZqc4ScRcZ7nk/jbeA=="
    },
    "vscode-nls": {
      "version": "4.1.2",
      "resolved": "https://registry.npmjs.org/vscode-nls/-/vscode-nls-4.1.2.tgz",
      "integrity": "sha512-7bOHxPsfyuCqmP+hZXscLhiHwe7CSuFE4hyhbs22xPIhQ4jv99FcR4eBzfYYVLP356HNFpdvz63FFb/xw6T4Iw=="
    },
    "vscode-uri": {
      "version": "3.0.2",
      "resolved": "https://registry.npmjs.org/vscode-uri/-/vscode-uri-3.0.2.tgz",
      "integrity": "sha512-jkjy6pjU1fxUvI51P+gCsxg1u2n8LSt0W6KrCNQceaziKzff74GoWmjVG46KieVzybO1sttPQmYfrwSHey7GUA=="
    },
    "which": {
      "version": "2.0.2",
      "resolved": "https://registry.npmjs.org/which/-/which-2.0.2.tgz",
      "integrity": "sha512-BLI3Tl1TW3Pvl70l3yq3Y64i+awpwXqsGBYWkkqMtnbXgrMD+yj7rhW0kuEDxzJaYXGjEW5ogapKNMEKNMjibA==",
      "requires": {
        "isexe": "^2.0.0"
      }
    },
    "yaml-language-server": {
      "version": "0.20.0",
      "resolved": "https://registry.npmjs.org/yaml-language-server/-/yaml-language-server-0.20.0.tgz",
      "integrity": "sha512-JV5jqB/1p2g4WCW1Gi6Kd3RQQSepdvTQBIDLSSoVzi7Q7kH+6tFkFJlMCBs0qmxLPkaU062d3IxdTWDK/MvvEA==",
      "requires": {
        "js-yaml": "^4.1.0",
        "jsonc-parser": "^2.2.1",
        "prettier": "2.0.5",
        "request-light": "^0.2.4",
        "vscode-json-languageservice": "^4.1.0",
        "vscode-languageserver": "^7.0.0",
        "vscode-languageserver-textdocument": "^1.0.1",
        "vscode-languageserver-types": "^3.16.0",
        "vscode-nls": "^4.1.2",
        "vscode-uri": "^2.1.1",
        "yaml-language-server-parser": "0.1.2"
      },
      "dependencies": {
        "jsonc-parser": {
          "version": "2.3.1",
          "resolved": "https://registry.npmjs.org/jsonc-parser/-/jsonc-parser-2.3.1.tgz",
          "integrity": "sha512-H8jvkz1O50L3dMZCsLqiuB2tA7muqbSg1AtGEkN0leAqGjsUzDJir3Zwr02BhqdcITPg3ei3mZ+HjMocAknhhg=="
        },
        "request-light": {
          "version": "0.2.5",
          "resolved": "https://registry.npmjs.org/request-light/-/request-light-0.2.5.tgz",
          "integrity": "sha512-eBEh+GzJAftUnex6tcL6eV2JCifY0+sZMIUpUPOVXbs2nV5hla4ZMmO3icYKGuGVuQ2zHE9evh4OrRcH4iyYYw==",
          "requires": {
            "http-proxy-agent": "^2.1.0",
            "https-proxy-agent": "^2.2.3",
            "vscode-nls": "^4.1.1"
          }
        },
        "vscode-uri": {
          "version": "2.1.2",
          "resolved": "https://registry.npmjs.org/vscode-uri/-/vscode-uri-2.1.2.tgz",
          "integrity": "sha512-8TEXQxlldWAuIODdukIb+TR5s+9Ds40eSJrw+1iDDA9IFORPjMELarNQE3myz5XIkWWpdprmJjm1/SxMlWOC8A=="
        }
      }
    },
    "yaml-language-server-parser": {
      "version": "0.1.2",
      "resolved": "https://registry.npmjs.org/yaml-language-server-parser/-/yaml-language-server-parser-0.1.2.tgz",
      "integrity": "sha512-GQ2eRE5GcKBK8XVKBIcMyOfC8WMZmEs6gogtVc6knLKE6pG+e5L/lOMfBxZzAt2lqye5itMggQ9+6stXAVhMsw=="
    }
  }
}
